
Microsoft Visual Studio Solution File, Format Version 12.00
# Visual Studio Version 17
VisualStudioVersion = 17.1.32210.238
MinimumVisualStudioVersion = 10.0.40219.1
Project("{FAE04EC0-301F-11D3-BF4B-00C04F79EFBC}") = "Pizza", "Pizza.csproj", "{AA826FA0-614D-4E4B-8A0C-99FBFF766158}"
EndProject
Global
	GlobalSection(SolutionConfigurationPlatforms) = preSolution
		Debug|Any CPU = Debug|Any CPU
		Release|Any CPU = Release|Any CPU
	EndGlobalSection
	GlobalSection(ProjectConfigurationPlatforms) = postSolution
		{AA826FA0-614D-4E4B-8A0C-99FBFF766158}.Debug|Any CPU.ActiveCfg = Debug|Any CPU
		{AA826FA0-614D-4E4B-8A0C-99FBFF766158}.Debug|Any CPU.Build.0 = Debug|Any CPU
		{AA826FA0-614D-4E4B-8A0C-99FBFF766158}.Release|Any CPU.ActiveCfg = Release|Any CPU
		{AA826FA0-614D-4E4B-8A0C-99FBFF766158}.Release|Any CPU.Build.0 = Release|Any CPU
	EndGlobalSection
	GlobalSection(SolutionProperties) = preSolution
		HideSolutionNode = FALSE
	EndGlobalSection
	GlobalSection(ExtensibilityGlobals) = postSolution
		SolutionGuid = {608F35D1-C4AE-47FA-B0C4-80DA38BEBD36}
	EndGlobalSection
EndGlobal
